// !$*UTF8*$!
{
	archiveVersion = 1;
	classes = {
	};
	objectVersion = 55;
	objects = {

/* Begin PBXBuildFile section */
		838A43BE28431DA000A40C71 /* AppDelegate.swift in Sources */ = {isa = PBXBuildFile; fileRef = 838A43BD28431DA000A40C71 /* AppDelegate.swift */; };
		838A43C028431DA000A40C71 /* SceneDelegate.swift in Sources */ = {isa = PBXBuildFile; fileRef = 838A43BF28431DA000A40C71 /* SceneDelegate.swift */; };
		838A43C228431DA000A40C71 /* QuizViewController.swift in Sources */ = {isa = PBXBuildFile; fileRef = 838A43C128431DA000A40C71 /* QuizViewController.swift */; };
		838A43C528431DA000A40C71 /* Main.storyboard in Resources */ = {isa = PBXBuildFile; fileRef = 838A43C328431DA000A40C71 /* Main.storyboard */; };
		838A43C728431DA100A40C71 /* Assets.xcassets in Resources */ = {isa = PBXBuildFile; fileRef = 838A43C628431DA100A40C71 /* Assets.xcassets */; };
		838A43CA28431DA100A40C71 /* LaunchScreen.storyboard in Resources */ = {isa = PBXBuildFile; fileRef = 838A43C828431DA100A40C71 /* LaunchScreen.storyboard */; };
		838A43D22843236800A40C71 /* CountryModel.swift in Sources */ = {isa = PBXBuildFile; fileRef = 838A43D12843236800A40C71 /* CountryModel.swift */; };
		838A43DB284344E500A40C71 /* CountryManager.swift in Sources */ = {isa = PBXBuildFile; fileRef = 838A43DA284344E500A40C71 /* CountryManager.swift */; };
		838A43DD28434C8F00A40C71 /* data.json in Resources */ = {isa = PBXBuildFile; fileRef = 838A43DC28434C8F00A40C71 /* data.json */; };
		838A43DF2843517600A40C71 /* CountryData.swift in Sources */ = {isa = PBXBuildFile; fileRef = 838A43DE2843517600A40C71 /* CountryData.swift */; };
		838A43E228455AA700A40C71 /* SettingsViewController.swift in Sources */ = {isa = PBXBuildFile; fileRef = 838A43E128455AA700A40C71 /* SettingsViewController.swift */; };
		838A43E428455AC100A40C71 /* CountryListViewController.swift in Sources */ = {isa = PBXBuildFile; fileRef = 838A43E328455AC100A40C71 /* CountryListViewController.swift */; };
/* End PBXBuildFile section */

/* Begin PBXFileReference section */
		838A43BA28431DA000A40C71 /* Capitals-App.app */ = {isa = PBXFileReference; explicitFileType = wrapper.application; includeInIndex = 0; path = "Capitals-App.app"; sourceTree = BUILT_PRODUCTS_DIR; };
		838A43BD28431DA000A40C71 /* AppDelegate.swift */ = {isa = PBXFileReference; lastKnownFileType = sourcecode.swift; path = AppDelegate.swift; sourceTree = "<group>"; };
		838A43BF28431DA000A40C71 /* SceneDelegate.swift */ = {isa = PBXFileReference; lastKnownFileType = sourcecode.swift; path = SceneDelegate.swift; sourceTree = "<group>"; };
		838A43C128431DA000A40C71 /* QuizViewController.swift */ = {isa = PBXFileReference; lastKnownFileType = sourcecode.swift; path = QuizViewController.swift; sourceTree = "<group>"; };
		838A43C428431DA000A40C71 /* Base */ = {isa = PBXFileReference; lastKnownFileType = file.storyboard; name = Base; path = Base.lproj/Main.storyboard; sourceTree = "<group>"; };
		838A43C628431DA100A40C71 /* Assets.xcassets */ = {isa = PBXFileReference; lastKnownFileType = folder.assetcatalog; path = Assets.xcassets; sourceTree = "<group>"; };
		838A43C928431DA100A40C71 /* Base */ = {isa = PBXFileReference; lastKnownFileType = file.storyboard; name = Base; path = Base.lproj/LaunchScreen.storyboard; sourceTree = "<group>"; };
		838A43CB28431DA100A40C71 /* Info.plist */ = {isa = PBXFileReference; lastKnownFileType = text.plist.xml; path = Info.plist; sourceTree = "<group>"; };
		838A43D12843236800A40C71 /* CountryModel.swift */ = {isa = PBXFileReference; lastKnownFileType = sourcecode.swift; path = CountryModel.swift; sourceTree = "<group>"; };
		838A43DA284344E500A40C71 /* CountryManager.swift */ = {isa = PBXFileReference; lastKnownFileType = sourcecode.swift; path = CountryManager.swift; sourceTree = "<group>"; };
		838A43DC28434C8F00A40C71 /* data.json */ = {isa = PBXFileReference; fileEncoding = 4; lastKnownFileType = text.json; path = data.json; sourceTree = "<group>"; };
		838A43DE2843517600A40C71 /* CountryData.swift */ = {isa = PBXFileReference; lastKnownFileType = sourcecode.swift; path = CountryData.swift; sourceTree = "<group>"; };
		838A43E128455AA700A40C71 /* SettingsViewController.swift */ = {isa = PBXFileReference; lastKnownFileType = sourcecode.swift; path = SettingsViewController.swift; sourceTree = "<group>"; };
		838A43E328455AC100A40C71 /* CountryListViewController.swift */ = {isa = PBXFileReference; lastKnownFileType = sourcecode.swift; path = CountryListViewController.swift; sourceTree = "<group>"; };
/* End PBXFileReference section */

/* Begin PBXFrameworksBuildPhase section */
		838A43B728431DA000A40C71 /* Frameworks */ = {
			isa = PBXFrameworksBuildPhase;
			buildActionMask = 2147483647;
			files = (
			);
			runOnlyForDeploymentPostprocessing = 0;
		};
/* End PBXFrameworksBuildPhase section */

/* Begin PBXGroup section */
		838A43B128431DA000A40C71 = {
			isa = PBXGroup;
			children = (
				838A43BC28431DA000A40C71 /* Capitals-App */,
				838A43BB28431DA000A40C71 /* Products */,
			);
			sourceTree = "<group>";
		};
		838A43BB28431DA000A40C71 /* Products */ = {
			isa = PBXGroup;
			children = (
				838A43BA28431DA000A40C71 /* Capitals-App.app */,
			);
			name = Products;
			sourceTree = "<group>";
		};
		838A43BC28431DA000A40C71 /* Capitals-App */ = {
			isa = PBXGroup;
			children = (
				838A43D7284343E300A40C71 /* Model */,
				838A43BD28431DA000A40C71 /* AppDelegate.swift */,
				838A43DC28434C8F00A40C71 /* data.json */,
				838A43BF28431DA000A40C71 /* SceneDelegate.swift */,
				838A43E028455A6700A40C71 /* Controller */,
				838A43C328431DA000A40C71 /* Main.storyboard */,
				838A43C628431DA100A40C71 /* Assets.xcassets */,
				838A43C828431DA100A40C71 /* LaunchScreen.storyboard */,
				838A43CB28431DA100A40C71 /* Info.plist */,
			);
			path = "Capitals-App";
			sourceTree = "<group>";
		};
		838A43D7284343E300A40C71 /* Model */ = {
			isa = PBXGroup;
			children = (
				838A43DE2843517600A40C71 /* CountryData.swift */,
				838A43D12843236800A40C71 /* CountryModel.swift */,
				838A43DA284344E500A40C71 /* CountryManager.swift */,
			);
			path = Model;
			sourceTree = "<group>";
		};
		838A43E028455A6700A40C71 /* Controller */ = {
			isa = PBXGroup;
			children = (
				838A43C128431DA000A40C71 /* QuizViewController.swift */,
				838A43E128455AA700A40C71 /* SettingsViewController.swift */,
				838A43E328455AC100A40C71 /* CountryListViewController.swift */,
			);
			path = Controller;
			sourceTree = "<group>";
		};
/* End PBXGroup section */

/* Begin PBXNativeTarget section */
		838A43B928431DA000A40C71 /* Capitals-App */ = {
			isa = PBXNativeTarget;
			buildConfigurationList = 838A43CE28431DA100A40C71 /* Build configuration list for PBXNativeTarget "Capitals-App" */;
			buildPhases = (
				838A43B628431DA000A40C71 /* Sources */,
				838A43B728431DA000A40C71 /* Frameworks */,
				838A43B828431DA000A40C71 /* Resources */,
			);
			buildRules = (
			);
			dependencies = (
			);
			name = "Capitals-App";
			productName = "Capitals-App";
			productReference = 838A43BA28431DA000A40C71 /* Capitals-App.app */;
			productType = "com.apple.product-type.application";
		};
/* End PBXNativeTarget section */

/* Begin PBXProject section */
		838A43B228431DA000A40C71 /* Project object */ = {
			isa = PBXProject;
			attributes = {
				BuildIndependentTargetsInParallel = 1;
				LastSwiftUpdateCheck = 1340;
				LastUpgradeCheck = 1340;
				TargetAttributes = {
					838A43B928431DA000A40C71 = {
						CreatedOnToolsVersion = 13.4;
					};
				};
			};
			buildConfigurationList = 838A43B528431DA000A40C71 /* Build configuration list for PBXProject "Capitals-App" */;
			compatibilityVersion = "Xcode 13.0";
			developmentRegion = en;
			hasScannedForEncodings = 0;
			knownRegions = (
				en,
				Base,
			);
			mainGroup = 838A43B128431DA000A40C71;
			productRefGroup = 838A43BB28431DA000A40C71 /* Products */;
			projectDirPath = "";
			projectRoot = "";
			targets = (
				838A43B928431DA000A40C71 /* Capitals-App */,
			);
		};
/* End PBXProject section */

/* Begin PBXResourcesBuildPhase section */
		838A43B828431DA000A40C71 /* Resources */ = {
			isa = PBXResourcesBuildPhase;
			buildActionMask = 2147483647;
			files = (
				838A43CA28431DA100A40C71 /* LaunchScreen.storyboard in Resources */,
				838A43C728431DA100A40C71 /* Assets.xcassets in Resources */,
				838A43DD28434C8F00A40C71 /* data.json in Resources */,
				838A43C528431DA000A40C71 /* Main.storyboard in Resources */,
			);
			runOnlyForDeploymentPostprocessing = 0;
		};
/* End PBXResourcesBuildPhase section */

/* Begin PBXSourcesBuildPhase section */
		838A43B628431DA000A40C71 /* Sources */ = {
			isa = PBXSourcesBuildPhase;
			buildActionMask = 2147483647;
			files = (
				838A43D22843236800A40C71 /* CountryModel.swift in Sources */,
				838A43E428455AC100A40C71 /* CountryListViewController.swift in Sources */,
				838A43C228431DA000A40C71 /* QuizViewController.swift in Sources */,
				838A43E228455AA700A40C71 /* SettingsViewController.swift in Sources */,
				838A43BE28431DA000A40C71 /* AppDelegate.swift in Sources */,
				838A43DB284344E500A40C71 /* CountryManager.swift in Sources */,
				838A43DF2843517600A40C71 /* CountryData.swift in Sources */,
				838A43C028431DA000A40C71 /* SceneDelegate.swift in Sources */,
			);
			runOnlyForDeploymentPostprocessing = 0;
		};
/* End PBXSourcesBuildPhase section */

/* Begin PBXVariantGroup section */
		838A43C328431DA000A40C71 /* Main.storyboard */ = {
			isa = PBXVariantGroup;
			children = (
				838A43C428431DA000A40C71 /* Base */,
			);
			name = Main.storyboard;
			sourceTree = "<group>";
		};
		838A43C828431DA100A40C71 /* LaunchScreen.storyboard */ = {
			isa = PBXVariantGroup;
			children = (
				838A43C928431DA100A40C71 /* Base */,
			);
			name = LaunchScreen.storyboard;
			sourceTree = "<group>";
		};
/* End PBXVariantGroup section */

/* Begin XCBuildConfiguration section */
		838A43CC28431DA100A40C71 /* Debug */ = {
			isa = XCBuildConfiguration;
			buildSettings = {
				ALWAYS_SEARCH_USER_PATHS = NO;
				CLANG_ANALYZER_NONNULL = YES;
				CLANG_ANALYZER_NUMBER_OBJECT_CONVERSION = YES_AGGRESSIVE;
				CLANG_CXX_LANGUAGE_STANDARD = "gnu++17";
				CLANG_ENABLE_MODULES = YES;
				CLANG_ENABLE_OBJC_ARC = YES;
				CLANG_ENABLE_OBJC_WEAK = YES;
				CLANG_WARN_BLOCK_CAPTURE_AUTORELEASING = YES;
				CLANG_WARN_BOOL_CONVERSION = YES;
				CLANG_WARN_COMMA = YES;
				CLANG_WARN_CONSTANT_CONVERSION = YES;
				CLANG_WARN_DEPRECATED_OBJC_IMPLEMENTATIONS = YES;
				CLANG_WARN_DIRECT_OBJC_ISA_USAGE = YES_ERROR;
				CLANG_WARN_DOCUMENTATION_COMMENTS = YES;
				CLANG_WARN_EMPTY_BODY = YES;
				CLANG_WARN_ENUM_CONVERSION = YES;
				CLANG_WARN_INFINITE_RECURSION = YES;
				CLANG_WARN_INT_CONVERSION = YES;
				CLANG_WARN_NON_LITERAL_NULL_CONVERSION = YES;
				CLANG_WARN_OBJC_IMPLICIT_RETAIN_SELF = YES;
				CLANG_WARN_OBJC_LITERAL_CONVERSION = YES;
				CLANG_WARN_OBJC_ROOT_CLASS = YES_ERROR;
				CLANG_WARN_QUOTED_INCLUDE_IN_FRAMEWORK_HEADER = YES;
				CLANG_WARN_RANGE_LOOP_ANALYSIS = YES;
				CLANG_WARN_STRICT_PROTOTYPES = YES;
				CLANG_WARN_SUSPICIOUS_MOVE = YES;
				CLANG_WARN_UNGUARDED_AVAILABILITY = YES_AGGRESSIVE;
				CLANG_WARN_UNREACHABLE_CODE = YES;
				CLANG_WARN__DUPLICATE_METHOD_MATCH = YES;
				COPY_PHASE_STRIP = NO;
				DEBUG_INFORMATION_FORMAT = dwarf;
				ENABLE_STRICT_OBJC_MSGSEND = YES;
				ENABLE_TESTABILITY = YES;
				GCC_C_LANGUAGE_STANDARD = gnu11;
				GCC_DYNAMIC_NO_PIC = NO;
				GCC_NO_COMMON_BLOCKS = YES;
				GCC_OPTIMIZATION_LEVEL = 0;
				GCC_PREPROCESSOR_DEFINITIONS = (
					"DEBUG=1",
					"$(inherited)",
				);
				GCC_WARN_64_TO_32_BIT_CONVERSION = YES;
				GCC_WARN_ABOUT_RETURN_TYPE = YES_ERROR;
				GCC_WARN_UNDECLARED_SELECTOR = YES;
				GCC_WARN_UNINITIALIZED_AUTOS = YES_AGGRESSIVE;
				GCC_WARN_UNUSED_FUNCTION = YES;
				GCC_WARN_UNUSED_VARIABLE = YES;
				IPHONEOS_DEPLOYMENT_TARGET = 15.5;
				MTL_ENABLE_DEBUG_INFO = INCLUDE_SOURCE;
				MTL_FAST_MATH = YES;
				ONLY_ACTIVE_ARCH = YES;
				SDKROOT = iphoneos;
				SWIFT_ACTIVE_COMPILATION_CONDITIONS = DEBUG;
				SWIFT_OPTIMIZATION_LEVEL = "-Onone";
			};
			name = Debug;
		};
		838A43CD28431DA100A40C71 /* Release */ = {
			isa = XCBuildConfiguration;
			buildSettings = {
				ALWAYS_SEARCH_USER_PATHS = NO;
				CLANG_ANALYZER_NONNULL = YES;
				CLANG_ANALYZER_NUMBER_OBJECT_CONVERSION = YES_AGGRESSIVE;
				CLANG_CXX_LANGUAGE_STANDARD = "gnu++17";
				CLANG_ENABLE_MODULES = YES;
				CLANG_ENABLE_OBJC_ARC = YES;
				CLANG_ENABLE_OBJC_WEAK = YES;
				CLANG_WARN_BLOCK_CAPTURE_AUTORELEASING = YES;
				CLANG_WARN_BOOL_CONVERSION = YES;
				CLANG_WARN_COMMA = YES;
				CLANG_WARN_CONSTANT_CONVERSION = YES;
				CLANG_WARN_DEPRECATED_OBJC_IMPLEMENTATIONS = YES;
				CLANG_WARN_DIRECT_OBJC_ISA_USAGE = YES_ERROR;
				CLANG_WARN_DOCUMENTATION_COMMENTS = YES;
				CLANG_WARN_EMPTY_BODY = YES;
				CLANG_WARN_ENUM_CONVERSION = YES;
				CLANG_WARN_INFINITE_RECURSION = YES;
				CLANG_WARN_INT_CONVERSION = YES;
				CLANG_WARN_NON_LITERAL_NULL_CONVERSION = YES;
				CLANG_WARN_OBJC_IMPLICIT_RETAIN_SELF = YES;
				CLANG_WARN_OBJC_LITERAL_CONVERSION = YES;
				CLANG_WARN_OBJC_ROOT_CLASS = YES_ERROR;
				CLANG_WARN_QUOTED_INCLUDE_IN_FRAMEWORK_HEADER = YES;
				CLANG_WARN_RANGE_LOOP_ANALYSIS = YES;
				CLANG_WARN_STRICT_PROTOTYPES = YES;
				CLANG_WARN_SUSPICIOUS_MOVE = YES;
				CLANG_WARN_UNGUARDED_AVAILABILITY = YES_AGGRESSIVE;
				CLANG_WARN_UNREACHABLE_CODE = YES;
				CLANG_WARN__DUPLICATE_METHOD_MATCH = YES;
				COPY_PHASE_STRIP = NO;
				DEBUG_INFORMATION_FORMAT = "dwarf-with-dsym";
				ENABLE_NS_ASSERTIONS = NO;
				ENABLE_STRICT_OBJC_MSGSEND = YES;
				GCC_C_LANGUAGE_STANDARD = gnu11;
				GCC_NO_COMMON_BLOCKS = YES;
				GCC_WARN_64_TO_32_BIT_CONVERSION = YES;
				GCC_WARN_ABOUT_RETURN_TYPE = YES_ERROR;
				GCC_WARN_UNDECLARED_SELECTOR = YES;
				GCC_WARN_UNINITIALIZED_AUTOS = YES_AGGRESSIVE;
				GCC_WARN_UNUSED_FUNCTION = YES;
				GCC_WARN_UNUSED_VARIABLE = YES;
				IPHONEOS_DEPLOYMENT_TARGET = 15.5;
				MTL_ENABLE_DEBUG_INFO = NO;
				MTL_FAST_MATH = YES;
				SDKROOT = iphoneos;
				SWIFT_COMPILATION_MODE = wholemodule;
				SWIFT_OPTIMIZATION_LEVEL = "-O";
				VALIDATE_PRODUCT = YES;
			};
			name = Release;
		};
		838A43CF28431DA100A40C71 /* Debug */ = {
			isa = XCBuildConfiguration;
			buildSettings = {
				ASSETCATALOG_COMPILER_APPICON_NAME = AppIcon;
				ASSETCATALOG_COMPILER_GLOBAL_ACCENT_COLOR_NAME = AccentColor;
				CODE_SIGN_STYLE = Automatic;
				CURRENT_PROJECT_VERSION = 1;
				DEVELOPMENT_TEAM = 95TR32UGAS;
				GENERATE_INFOPLIST_FILE = YES;
				INFOPLIST_FILE = "Capitals-App/Info.plist";
				INFOPLIST_KEY_UIApplicationSupportsIndirectInputEvents = YES;
				INFOPLIST_KEY_UILaunchStoryboardName = LaunchScreen;
				INFOPLIST_KEY_UIMainStoryboardFile = Main;
				INFOPLIST_KEY_UISupportedInterfaceOrientations = UIInterfaceOrientationPortrait;
				INFOPLIST_KEY_UISupportedInterfaceOrientations_iPad = "UIInterfaceOrientationPortrait UIInterfaceOrientationPortraitUpsideDown UIInterfaceOrientationLandscapeLeft UIInterfaceOrientationLandscapeRight";
				INFOPLIST_KEY_UISupportedInterfaceOrientations_iPhone = "UIInterfaceOrientationPortrait UIInterfaceOrientationLandscapeLeft UIInterfaceOrientationLandscapeRight";
				IPHONEOS_DEPLOYMENT_TARGET = 15.4;
				LD_RUNPATH_SEARCH_PATHS = (
					"$(inherited)",
					"@executable_path/Frameworks",
				);
				MARKETING_VERSION = 1.0;
				PRODUCT_BUNDLE_IDENTIFIER = "com.chrisloreta.Capitals-App";
				PRODUCT_NAME = "$(TARGET_NAME)";
				SWIFT_EMIT_LOC_STRINGS = YES;
				SWIFT_VERSION = 5.0;
				TARGETED_DEVICE_FAMILY = "1,2";
			};
			name = Debug;
		};
		838A43D028431DA100A40C71 /* Release */ = {
			isa = XCBuildConfiguration;
			buildSettings = {
				ASSETCATALOG_COMPILER_APPICON_NAME = AppIcon;
				ASSETCATALOG_COMPILER_GLOBAL_ACCENT_COLOR_NAME = AccentColor;
				CODE_SIGN_STYLE = Automatic;
				CURRENT_PROJECT_VERSION = 1;
				DEVELOPMENT_TEAM = 95TR32UGAS;
				GENERATE_INFOPLIST_FILE = YES;
				INFOPLIST_FILE = "Capitals-App/Info.plist";
				INFOPLIST_KEY_UIApplicationSupportsIndirectInputEvents = YES;
				INFOPLIST_KEY_UILaunchStoryboardName = LaunchScreen;
				INFOPLIST_KEY_UIMainStoryboardFile = Main;
				INFOPLIST_KEY_UISupportedInterfaceOrientations = UIInterfaceOrientationPortrait;
				INFOPLIST_KEY_UISupportedInterfaceOrientations_iPad = "UIInterfaceOrientationPortrait UIInterfaceOrientationPortraitUpsideDown UIInterfaceOrientationLandscapeLeft UIInterfaceOrientationLandscapeRight";
				INFOPLIST_KEY_UISupportedInterfaceOrientations_iPhone = "UIInterfaceOrientationPortrait UIInterfaceOrientationLandscapeLeft UIInterfaceOrientationLandscapeRight";
				IPHONEOS_DEPLOYMENT_TARGET = 15.4;
				LD_RUNPATH_SEARCH_PATHS = (
					"$(inherited)",
					"@executable_path/Frameworks",
				);
				MARKETING_VERSION = 1.0;
				PRODUCT_BUNDLE_IDENTIFIER = "com.chrisloreta.Capitals-App";
				PRODUCT_NAME = "$(TARGET_NAME)";
				SWIFT_EMIT_LOC_STRINGS = YES;
				SWIFT_VERSION = 5.0;
				TARGETED_DEVICE_FAMILY = "1,2";
			};
			name = Release;
		};
/* End XCBuildConfiguration section */

/* Begin XCConfigurationList section */
		838A43B528431DA000A40C71 /* Build configuration list for PBXProject "Capitals-App" */ = {
			isa = XCConfigurationList;
			buildConfigurations = (
				838A43CC28431DA100A40C71 /* Debug */,
				838A43CD28431DA100A40C71 /* Release */,
			);
			defaultConfigurationIsVisible = 0;
			defaultConfigurationName = Release;
		};
		838A43CE28431DA100A40C71 /* Build configuration list for PBXNativeTarget "Capitals-App" */ = {
			isa = XCConfigurationList;
			buildConfigurations = (
				838A43CF28431DA100A40C71 /* Debug */,
				838A43D028431DA100A40C71 /* Release */,
			);
			defaultConfigurationIsVisible = 0;
			defaultConfigurationName = Release;
		};
/* End XCConfigurationList section */
	};
	rootObject = 838A43B228431DA000A40C71 /* Project object */;
}
